
Microsoft Visual Studio Solution File, Format Version 12.00
# Visual Studio 15
VisualStudioVersion = 15.0.28010.2048
MinimumVisualStudioVersion = 10.0.40219.1
Project("{8BC9CEB8-8B4A-11D0-8D11-00A0C91BC942}") = "OpenCV_Basics_01", "OpenCV_Basics_01\OpenCV_Basics_01\OpenCV_Basics_01.vcxproj", "{C68D429E-A090-4258-9A63-58145BA6DA23}"
EndProject
Project("{8BC9CEB8-8B4A-11D0-8D11-00A0C91BC942}") = "OpenCV_Basics_02", "OpenCV_Basics_02\OpenCV_Basics_02.vcxproj", "{7AF0EC25-FB31-4366-A53D-EDF43628B96A}"
EndProject
Project("{8BC9CEB8-8B4A-11D0-8D11-00A0C91BC942}") = "OpenCV_Basics_03", "OpenCV_Basics_03\OpenCV_Basics_03.vcxproj", "{EC96368B-1112-4D35-8201-07EAEB90B7C1}"
EndProject
Global
	GlobalSection(SolutionConfigurationPlatforms) = preSolution
		Debug|x64 = Debug|x64
		Debug|x86 = Debug|x86
		Release|x64 = Release|x64
		Release|x86 = Release|x86
	EndGlobalSection
	GlobalSection(ProjectConfigurationPlatforms) = postSolution
		{C68D429E-A090-4258-9A63-58145BA6DA23}.Debug|x64.ActiveCfg = Debug|x64
		{C68D429E-A090-4258-9A63-58145BA6DA23}.Debug|x64.Build.0 = Debug|x64
		{C68D429E-A090-4258-9A63-58145BA6DA23}.Debug|x86.ActiveCfg = Debug|Win32
		{C68D429E-A090-4258-9A63-58145BA6DA23}.Debug|x86.Build.0 = Debug|Win32
		{C68D429E-A090-4258-9A63-58145BA6DA23}.Release|x64.ActiveCfg = Release|x64
		{C68D429E-A090-4258-9A63-58145BA6DA23}.Release|x64.Build.0 = Release|x64
		{C68D429E-A090-4258-9A63-58145BA6DA23}.Release|x86.ActiveCfg = Release|Win32
		{C68D429E-A090-4258-9A63-58145BA6DA23}.Release|x86.Build.0 = Release|Win32
		{7AF0EC25-FB31-4366-A53D-EDF43628B96A}.Debug|x64.ActiveCfg = Debug|x64
		{7AF0EC25-FB31-4366-A53D-EDF43628B96A}.Debug|x64.Build.0 = Debug|x64
		{7AF0EC25-FB31-4366-A53D-EDF43628B96A}.Debug|x86.ActiveCfg = Debug|Win32
		{7AF0EC25-FB31-4366-A53D-EDF43628B96A}.Debug|x86.Build.0 = Debug|Win32
		{7AF0EC25-FB31-4366-A53D-EDF43628B96A}.Release|x64.ActiveCfg = Release|x64
		{7AF0EC25-FB31-4366-A53D-EDF43628B96A}.Release|x64.Build.0 = Release|x64
		{7AF0EC25-FB31-4366-A53D-EDF43628B96A}.Release|x86.ActiveCfg = Release|Win32
		{7AF0EC25-FB31-4366-A53D-EDF43628B96A}.Release|x86.Build.0 = Release|Win32
		{EC96368B-1112-4D35-8201-07EAEB90B7C1}.Debug|x64.ActiveCfg = Debug|x64
		{EC96368B-1112-4D35-8201-07EAEB90B7C1}.Debug|x64.Build.0 = Debug|x64
		{EC96368B-1112-4D35-8201-07EAEB90B7C1}.Debug|x86.ActiveCfg = Debug|Win32
		{EC96368B-1112-4D35-8201-07EAEB90B7C1}.Debug|x86.Build.0 = Debug|Win32
		{EC96368B-1112-4D35-8201-07EAEB90B7C1}.Release|x64.ActiveCfg = Release|x64
		{EC96368B-1112-4D35-8201-07EAEB90B7C1}.Release|x64.Build.0 = Release|x64
		{EC96368B-1112-4D35-8201-07EAEB90B7C1}.Release|x86.ActiveCfg = Release|Win32
		{EC96368B-1112-4D35-8201-07EAEB90B7C1}.Release|x86.Build.0 = Release|Win32
	EndGlobalSection
	GlobalSection(SolutionProperties) = preSolution
		HideSolutionNode = FALSE
	EndGlobalSection
	GlobalSection(ExtensibilityGlobals) = postSolution
		SolutionGuid = {F51A2397-ADA0-4A4A-A69E-7023C49E9D0C}
	EndGlobalSection
EndGlobal
